
Microsoft Visual Studio Solution File, Format Version 12.00
Project("{2150E333-8FDC-42A3-9474-1A3956D46DE8}") = "src", "src", "{E615AF23-D085-4DCF-917E-10AF3711FE63}"
EndProject
Project("{2150E333-8FDC-42A3-9474-1A3956D46DE8}") = "DDD", "DDD", "{12160511-1DDC-41F1-8467-54F1EA6E9793}"
EndProject
Project("{2150E333-8FDC-42A3-9474-1A3956D46DE8}") = "Utils", "Utils", "{75D8EAA4-BF43-4A04-9F9C-6DE99D3543FC}"
EndProject
Project("{2150E333-8FDC-42A3-9474-1A3956D46DE8}") = "Application", "Application", "{19B22A4B-4970-4009-8ED3-E074342BB2D1}"
EndProject
Project("{FAE04EC0-301F-11D3-BF4B-00C04F79EFBC}") = "RaceSharp.Application", "src\DDD\Application\RaceSharp.Application\RaceSharp.Application.csproj", "{956E4C7D-D21F-4F66-86FD-6DAE21B8FD23}"
EndProject
Project("{FAE04EC0-301F-11D3-BF4B-00C04F79EFBC}") = "RaceSharp.Application.FluentValidation", "src\DDD\Application\RaceSharp.Application.FluentValidation\RaceSharp.Application.FluentValidation.csproj", "{435C655B-AF08-4CAA-BC32-D58AC153A82B}"
EndProject
Project("{FAE04EC0-301F-11D3-BF4B-00C04F79EFBC}") = "RaceSharp.Application.IMapper", "src\DDD\Application\RaceSharp.Application.IMapper\RaceSharp.Application.IMapper.csproj", "{7A792AD1-D72F-476B-AED0-0965F1431168}"
EndProject
Project("{FAE04EC0-301F-11D3-BF4B-00C04F79EFBC}") = "RaceSharp.Application.MassTransit", "src\DDD\Application\RaceSharp.Application.MassTransit\RaceSharp.Application.MassTransit.csproj", "{39508965-36CD-4909-86F8-CAC64762BC8C}"
EndProject
Project("{FAE04EC0-301F-11D3-BF4B-00C04F79EFBC}") = "RaceSharp.Application.StackExchangeRedis", "src\DDD\Application\RaceSharp.Application.StackExchangeRedis\RaceSharp.Application.StackExchangeRedis.csproj", "{C151C5A3-751A-4AFF-9874-B42AA948934E}"
EndProject
Project("{FAE04EC0-301F-11D3-BF4B-00C04F79EFBC}") = "RaceSharp.Application.WorkFlowCore", "src\DDD\Application\RaceSharp.Application.WorkFlowCore\RaceSharp.Application.WorkFlowCore.csproj", "{ED51D0F9-5151-4D5A-B011-DBAAAB8E144B}"
EndProject
Project("{2150E333-8FDC-42A3-9474-1A3956D46DE8}") = "Domain", "Domain", "{5EF2CB74-70CA-43F2-BD51-C0B720663145}"
EndProject
Project("{FAE04EC0-301F-11D3-BF4B-00C04F79EFBC}") = "RaceSharp.Domain", "src\DDD\Domain\RaceSharp.Domain\RaceSharp.Domain.csproj", "{0D6429BF-035E-4EAB-9E1F-EC5F6071DF9B}"
EndProject
Project("{2150E333-8FDC-42A3-9474-1A3956D46DE8}") = "Infrastructure", "Infrastructure", "{594EC2F5-9DA6-4433-A6A8-1643D832B9DD}"
EndProject
Project("{FAE04EC0-301F-11D3-BF4B-00C04F79EFBC}") = "RaceSharp.Infrastructure", "src\DDD\Infrastructure\RaceSharp.Infrastructure\RaceSharp.Infrastructure.csproj", "{83B27879-FB04-4004-98E9-E6A7A03EB05F}"
EndProject
Project("{FAE04EC0-301F-11D3-BF4B-00C04F79EFBC}") = "RaceSharp.Utils", "src\Utils\RaceSharp.Utils\RaceSharp.Utils.csproj", "{E55465D9-22D9-45EA-AEC5-CB39FE3717A9}"
EndProject
Project("{FAE04EC0-301F-11D3-BF4B-00C04F79EFBC}") = "RaceSharp.Service", "src\Utils\RaceSharp.Service\RaceSharp.Service.csproj", "{809B3330-C606-4777-93CF-E190C5F1AF4D}"
EndProject
Project("{2150E333-8FDC-42A3-9474-1A3956D46DE8}") = "test", "test", "{FC9AAECB-4786-4C4B-8A2E-C1B4FC803C2A}"
EndProject
Global
	GlobalSection(SolutionConfigurationPlatforms) = preSolution
		Debug|Any CPU = Debug|Any CPU
		Release|Any CPU = Release|Any CPU
	EndGlobalSection
	GlobalSection(ProjectConfigurationPlatforms) = postSolution
		{956E4C7D-D21F-4F66-86FD-6DAE21B8FD23}.Debug|Any CPU.ActiveCfg = Debug|Any CPU
		{956E4C7D-D21F-4F66-86FD-6DAE21B8FD23}.Debug|Any CPU.Build.0 = Debug|Any CPU
		{956E4C7D-D21F-4F66-86FD-6DAE21B8FD23}.Release|Any CPU.ActiveCfg = Release|Any CPU
		{956E4C7D-D21F-4F66-86FD-6DAE21B8FD23}.Release|Any CPU.Build.0 = Release|Any CPU
		{435C655B-AF08-4CAA-BC32-D58AC153A82B}.Debug|Any CPU.ActiveCfg = Debug|Any CPU
		{435C655B-AF08-4CAA-BC32-D58AC153A82B}.Debug|Any CPU.Build.0 = Debug|Any CPU
		{435C655B-AF08-4CAA-BC32-D58AC153A82B}.Release|Any CPU.ActiveCfg = Release|Any CPU
		{435C655B-AF08-4CAA-BC32-D58AC153A82B}.Release|Any CPU.Build.0 = Release|Any CPU
		{7A792AD1-D72F-476B-AED0-0965F1431168}.Debug|Any CPU.ActiveCfg = Debug|Any CPU
		{7A792AD1-D72F-476B-AED0-0965F1431168}.Debug|Any CPU.Build.0 = Debug|Any CPU
		{7A792AD1-D72F-476B-AED0-0965F1431168}.Release|Any CPU.ActiveCfg = Release|Any CPU
		{7A792AD1-D72F-476B-AED0-0965F1431168}.Release|Any CPU.Build.0 = Release|Any CPU
		{39508965-36CD-4909-86F8-CAC64762BC8C}.Debug|Any CPU.ActiveCfg = Debug|Any CPU
		{39508965-36CD-4909-86F8-CAC64762BC8C}.Debug|Any CPU.Build.0 = Debug|Any CPU
		{39508965-36CD-4909-86F8-CAC64762BC8C}.Release|Any CPU.ActiveCfg = Release|Any CPU
		{39508965-36CD-4909-86F8-CAC64762BC8C}.Release|Any CPU.Build.0 = Release|Any CPU
		{C151C5A3-751A-4AFF-9874-B42AA948934E}.Debug|Any CPU.ActiveCfg = Debug|Any CPU
		{C151C5A3-751A-4AFF-9874-B42AA948934E}.Debug|Any CPU.Build.0 = Debug|Any CPU
		{C151C5A3-751A-4AFF-9874-B42AA948934E}.Release|Any CPU.ActiveCfg = Release|Any CPU
		{C151C5A3-751A-4AFF-9874-B42AA948934E}.Release|Any CPU.Build.0 = Release|Any CPU
		{ED51D0F9-5151-4D5A-B011-DBAAAB8E144B}.Debug|Any CPU.ActiveCfg = Debug|Any CPU
		{ED51D0F9-5151-4D5A-B011-DBAAAB8E144B}.Debug|Any CPU.Build.0 = Debug|Any CPU
		{ED51D0F9-5151-4D5A-B011-DBAAAB8E144B}.Release|Any CPU.ActiveCfg = Release|Any CPU
		{ED51D0F9-5151-4D5A-B011-DBAAAB8E144B}.Release|Any CPU.Build.0 = Release|Any CPU
		{0D6429BF-035E-4EAB-9E1F-EC5F6071DF9B}.Debug|Any CPU.ActiveCfg = Debug|Any CPU
		{0D6429BF-035E-4EAB-9E1F-EC5F6071DF9B}.Debug|Any CPU.Build.0 = Debug|Any CPU
		{0D6429BF-035E-4EAB-9E1F-EC5F6071DF9B}.Release|Any CPU.ActiveCfg = Release|Any CPU
		{0D6429BF-035E-4EAB-9E1F-EC5F6071DF9B}.Release|Any CPU.Build.0 = Release|Any CPU
		{83B27879-FB04-4004-98E9-E6A7A03EB05F}.Debug|Any CPU.ActiveCfg = Debug|Any CPU
		{83B27879-FB04-4004-98E9-E6A7A03EB05F}.Debug|Any CPU.Build.0 = Debug|Any CPU
		{83B27879-FB04-4004-98E9-E6A7A03EB05F}.Release|Any CPU.ActiveCfg = Release|Any CPU
		{83B27879-FB04-4004-98E9-E6A7A03EB05F}.Release|Any CPU.Build.0 = Release|Any CPU
		{E55465D9-22D9-45EA-AEC5-CB39FE3717A9}.Debug|Any CPU.ActiveCfg = Debug|Any CPU
		{E55465D9-22D9-45EA-AEC5-CB39FE3717A9}.Debug|Any CPU.Build.0 = Debug|Any CPU
		{E55465D9-22D9-45EA-AEC5-CB39FE3717A9}.Release|Any CPU.ActiveCfg = Release|Any CPU
		{E55465D9-22D9-45EA-AEC5-CB39FE3717A9}.Release|Any CPU.Build.0 = Release|Any CPU
		{809B3330-C606-4777-93CF-E190C5F1AF4D}.Debug|Any CPU.ActiveCfg = Debug|Any CPU
		{809B3330-C606-4777-93CF-E190C5F1AF4D}.Debug|Any CPU.Build.0 = Debug|Any CPU
		{809B3330-C606-4777-93CF-E190C5F1AF4D}.Release|Any CPU.ActiveCfg = Release|Any CPU
		{809B3330-C606-4777-93CF-E190C5F1AF4D}.Release|Any CPU.Build.0 = Release|Any CPU
	EndGlobalSection
	GlobalSection(NestedProjects) = preSolution
		{12160511-1DDC-41F1-8467-54F1EA6E9793} = {E615AF23-D085-4DCF-917E-10AF3711FE63}
		{75D8EAA4-BF43-4A04-9F9C-6DE99D3543FC} = {E615AF23-D085-4DCF-917E-10AF3711FE63}
		{19B22A4B-4970-4009-8ED3-E074342BB2D1} = {12160511-1DDC-41F1-8467-54F1EA6E9793}
		{956E4C7D-D21F-4F66-86FD-6DAE21B8FD23} = {19B22A4B-4970-4009-8ED3-E074342BB2D1}
		{435C655B-AF08-4CAA-BC32-D58AC153A82B} = {19B22A4B-4970-4009-8ED3-E074342BB2D1}
		{7A792AD1-D72F-476B-AED0-0965F1431168} = {19B22A4B-4970-4009-8ED3-E074342BB2D1}
		{39508965-36CD-4909-86F8-CAC64762BC8C} = {19B22A4B-4970-4009-8ED3-E074342BB2D1}
		{C151C5A3-751A-4AFF-9874-B42AA948934E} = {19B22A4B-4970-4009-8ED3-E074342BB2D1}
		{ED51D0F9-5151-4D5A-B011-DBAAAB8E144B} = {19B22A4B-4970-4009-8ED3-E074342BB2D1}
		{5EF2CB74-70CA-43F2-BD51-C0B720663145} = {12160511-1DDC-41F1-8467-54F1EA6E9793}
		{0D6429BF-035E-4EAB-9E1F-EC5F6071DF9B} = {5EF2CB74-70CA-43F2-BD51-C0B720663145}
		{594EC2F5-9DA6-4433-A6A8-1643D832B9DD} = {12160511-1DDC-41F1-8467-54F1EA6E9793}
		{83B27879-FB04-4004-98E9-E6A7A03EB05F} = {594EC2F5-9DA6-4433-A6A8-1643D832B9DD}
		{E55465D9-22D9-45EA-AEC5-CB39FE3717A9} = {75D8EAA4-BF43-4A04-9F9C-6DE99D3543FC}
		{809B3330-C606-4777-93CF-E190C5F1AF4D} = {75D8EAA4-BF43-4A04-9F9C-6DE99D3543FC}
	EndGlobalSection
EndGlobal
